
Microsoft Visual Studio Solution File, Format Version 12.00
Project("{2150E333-8FDC-42A3-9474-1A3956D46DE8}") = "src", "src", "{D99B389E-F25F-4939-B415-F0192C4A085C}"
EndProject
Project("{2150E333-8FDC-42A3-9474-1A3956D46DE8}") = "tests", "tests", "{133A279E-7EB9-4C3F-9A54-AE9B34639A0B}"
EndProject
Project("{2150E333-8FDC-42A3-9474-1A3956D46DE8}") = "Presentation", "src\Presentation", "{D38413DB-9EE5-4873-BAF1-298F1399037B}"
EndProject
Project("{2150E333-8FDC-42A3-9474-1A3956D46DE8}") = "BusinessLogic", "src\BusinessLogic", "{84413AEF-3FCA-4DC1-A879-F88953E94172}"
EndProject
Project("{2150E333-8FDC-42A3-9474-1A3956D46DE8}") = "DataAccess", "src\DataAccess", "{BA217736-502E-4B5D-A8FD-88865ED0578B}"
EndProject
Project("{FAE04EC0-301F-11D3-BF4B-00C04F79EFBC}") = "Bnn.Web.Api", "src\Bnn.Web.Api\Bnn.Web.Api.csproj", "{249C0D5A-860F-478E-99EE-0DE0F9CE0F89}"
EndProject
Project("{2150E333-8FDC-42A3-9474-1A3956D46DE8}") = "Solution Items", "Solution Items", "{918455B3-F4AE-45A9-A97B-D259BD523E99}"
	ProjectSection(SolutionItems) = preProject
		Directory.Build.props = Directory.Build.props
		Directory.Packages.props = Directory.Packages.props
	EndProjectSection
EndProject
Project("{FAE04EC0-301F-11D3-BF4B-00C04F79EFBC}") = "Bnn.Data", "src\Bnn.Data\Bnn.Data.csproj", "{2A6D3A18-CFDE-4022-BAA1-58885FD04DBD}"
EndProject
Project("{FAE04EC0-301F-11D3-BF4B-00C04F79EFBC}") = "Bnn.Services", "src\Bnn.Services\Bnn.Services.csproj", "{8653CFF0-9E74-45F7-B6F5-EF72C8B23DAC}"
EndProject
Project("{FAE04EC0-301F-11D3-BF4B-00C04F79EFBC}") = "docker-compose", "docker-compose.dcproj", "{34BB3069-D5D0-4046-ACAD-A2025ED7678F}"
EndProject
Project("{FAE04EC0-301F-11D3-BF4B-00C04F79EFBC}") = "Bnn.Web.Contracts", "src\Bnn.Web.Contracts\Bnn.Web.Contracts.csproj", "{33B034C0-3FEA-49DD-BBD1-4F7252193156}"
EndProject
Project("{FAE04EC0-301F-11D3-BF4B-00C04F79EFBC}") = "Bnn.Services.Tests", "tests\Bnn.Services.Tests\Bnn.Services.Tests.csproj", "{1374177D-99D8-4980-BC79-B69ACA668FD4}"
EndProject
Global
	GlobalSection(SolutionConfigurationPlatforms) = preSolution
		Debug|Any CPU = Debug|Any CPU
		Release|Any CPU = Release|Any CPU
	EndGlobalSection
	GlobalSection(NestedProjects) = preSolution
		{D38413DB-9EE5-4873-BAF1-298F1399037B} = {D99B389E-F25F-4939-B415-F0192C4A085C}
		{84413AEF-3FCA-4DC1-A879-F88953E94172} = {D99B389E-F25F-4939-B415-F0192C4A085C}
		{BA217736-502E-4B5D-A8FD-88865ED0578B} = {D99B389E-F25F-4939-B415-F0192C4A085C}
		{249C0D5A-860F-478E-99EE-0DE0F9CE0F89} = {D38413DB-9EE5-4873-BAF1-298F1399037B}
		{2A6D3A18-CFDE-4022-BAA1-58885FD04DBD} = {BA217736-502E-4B5D-A8FD-88865ED0578B}
		{8653CFF0-9E74-45F7-B6F5-EF72C8B23DAC} = {84413AEF-3FCA-4DC1-A879-F88953E94172}
		{33B034C0-3FEA-49DD-BBD1-4F7252193156} = {D38413DB-9EE5-4873-BAF1-298F1399037B}
		{1374177D-99D8-4980-BC79-B69ACA668FD4} = {133A279E-7EB9-4C3F-9A54-AE9B34639A0B}
	EndGlobalSection
	GlobalSection(ProjectConfigurationPlatforms) = postSolution
		{249C0D5A-860F-478E-99EE-0DE0F9CE0F89}.Debug|Any CPU.ActiveCfg = Debug|Any CPU
		{249C0D5A-860F-478E-99EE-0DE0F9CE0F89}.Debug|Any CPU.Build.0 = Debug|Any CPU
		{249C0D5A-860F-478E-99EE-0DE0F9CE0F89}.Release|Any CPU.ActiveCfg = Release|Any CPU
		{249C0D5A-860F-478E-99EE-0DE0F9CE0F89}.Release|Any CPU.Build.0 = Release|Any CPU
		{2A6D3A18-CFDE-4022-BAA1-58885FD04DBD}.Debug|Any CPU.ActiveCfg = Debug|Any CPU
		{2A6D3A18-CFDE-4022-BAA1-58885FD04DBD}.Debug|Any CPU.Build.0 = Debug|Any CPU
		{2A6D3A18-CFDE-4022-BAA1-58885FD04DBD}.Release|Any CPU.ActiveCfg = Release|Any CPU
		{2A6D3A18-CFDE-4022-BAA1-58885FD04DBD}.Release|Any CPU.Build.0 = Release|Any CPU
		{8653CFF0-9E74-45F7-B6F5-EF72C8B23DAC}.Debug|Any CPU.ActiveCfg = Debug|Any CPU
		{8653CFF0-9E74-45F7-B6F5-EF72C8B23DAC}.Debug|Any CPU.Build.0 = Debug|Any CPU
		{8653CFF0-9E74-45F7-B6F5-EF72C8B23DAC}.Release|Any CPU.ActiveCfg = Release|Any CPU
		{8653CFF0-9E74-45F7-B6F5-EF72C8B23DAC}.Release|Any CPU.Build.0 = Release|Any CPU
		{34BB3069-D5D0-4046-ACAD-A2025ED7678F}.Debug|Any CPU.ActiveCfg = Debug|Any CPU
		{34BB3069-D5D0-4046-ACAD-A2025ED7678F}.Debug|Any CPU.Build.0 = Debug|Any CPU
		{34BB3069-D5D0-4046-ACAD-A2025ED7678F}.Release|Any CPU.ActiveCfg = Debug|Any CPU
		{34BB3069-D5D0-4046-ACAD-A2025ED7678F}.Release|Any CPU.Build.0 = Debug|Any CPU
		{33B034C0-3FEA-49DD-BBD1-4F7252193156}.Debug|Any CPU.ActiveCfg = Debug|Any CPU
		{33B034C0-3FEA-49DD-BBD1-4F7252193156}.Debug|Any CPU.Build.0 = Debug|Any CPU
		{33B034C0-3FEA-49DD-BBD1-4F7252193156}.Release|Any CPU.ActiveCfg = Release|Any CPU
		{33B034C0-3FEA-49DD-BBD1-4F7252193156}.Release|Any CPU.Build.0 = Release|Any CPU
		{1374177D-99D8-4980-BC79-B69ACA668FD4}.Debug|Any CPU.ActiveCfg = Debug|Any CPU
		{1374177D-99D8-4980-BC79-B69ACA668FD4}.Debug|Any CPU.Build.0 = Debug|Any CPU
		{1374177D-99D8-4980-BC79-B69ACA668FD4}.Release|Any CPU.ActiveCfg = Release|Any CPU
		{1374177D-99D8-4980-BC79-B69ACA668FD4}.Release|Any CPU.Build.0 = Release|Any CPU
	EndGlobalSection
EndGlobal
